{
  "name": "@rgba-image/common",
  "version": "0.1.13",
  "lockfileVersion": 1,
  "requires": true,
  "dependencies": {
    "@types/mocha": {
      "version": "5.2.5",
      "resolved": "https://registry.npmjs.org/@types/mocha/-/mocha-5.2.5.tgz",
      "integrity": "sha512-lAVp+Kj54ui/vLUFxsJTMtWvZraZxum3w3Nwkble2dNuV5VnPA+Mi2oGX9XYJAaIvZi3tn3cbjS/qcJXRb6Bww==",
      "dev": true
    },
    "@types/node": {
      "version": "10.12.7",
      "resolved": "https://registry.npmjs.org/@types/node/-/node-10.12.7.tgz",
      "integrity": "sha512-Zh5Z4kACfbeE8aAOYh9mqotRxaZMro8MbBQtR8vEXOMiZo2rGEh2LayJijKdlu48YnS6y2EFU/oo2NCe5P6jGw==",
      "dev": true
    }
  }
}
